
Microsoft Visual Studio Solution File, Format Version 12.00
# Visual Studio Version 17
VisualStudioVersion = 17.14.36121.58 d17.14
MinimumVisualStudioVersion = 10.0.40219.1
Project("{FAE04EC0-301F-11D3-BF4B-00C04F79EFBC}") = "Actividad2Unidad1", "Actividad2Unidad1.csproj", "{EDD52B23-5561-4384-8B33-D70E6AC0CAD4}"
EndProject
Global
	GlobalSection(SolutionConfigurationPlatforms) = preSolution
		Debug|Any CPU = Debug|Any CPU
		Release|Any CPU = Release|Any CPU
	EndGlobalSection
	GlobalSection(ProjectConfigurationPlatforms) = postSolution
		{EDD52B23-5561-4384-8B33-D70E6AC0CAD4}.Debug|Any CPU.ActiveCfg = Debug|Any CPU
		{EDD52B23-5561-4384-8B33-D70E6AC0CAD4}.Debug|Any CPU.Build.0 = Debug|Any CPU
		{EDD52B23-5561-4384-8B33-D70E6AC0CAD4}.Release|Any CPU.ActiveCfg = Release|Any CPU
		{EDD52B23-5561-4384-8B33-D70E6AC0CAD4}.Release|Any CPU.Build.0 = Release|Any CPU
	EndGlobalSection
	GlobalSection(SolutionProperties) = preSolution
		HideSolutionNode = FALSE
	EndGlobalSection
	GlobalSection(ExtensibilityGlobals) = postSolution
		SolutionGuid = {E63DD28E-A1D7-4B82-A39A-B99AC4F53190}
	EndGlobalSection
EndGlobal
